
Microsoft Visual Studio Solution File, Format Version 12.00
# Visual Studio Version 17
VisualStudioVersion = 17.10.35013.160
MinimumVisualStudioVersion = 10.0.40219.1
Project("{9A19103F-16F7-4668-BE54-9A1E7A4F7556}") = "CurrencyInfoGetter", "CurrencyInfoGetter\CurrencyInfoGetter.csproj", "{9711DDAA-E0ED-49C6-81F4-1EBAA09CF350}"
EndProject
Project("{E53339B2-1760-4266-BCC7-CA923CBCF16C}") = "docker-compose", "docker-compose.dcproj", "{759F16C6-736E-413E-BB2C-294DAEE862C0}"
EndProject
Global
	GlobalSection(SolutionConfigurationPlatforms) = preSolution
		Debug|Any CPU = Debug|Any CPU
		Release|Any CPU = Release|Any CPU
	EndGlobalSection
	GlobalSection(ProjectConfigurationPlatforms) = postSolution
		{9711DDAA-E0ED-49C6-81F4-1EBAA09CF350}.Debug|Any CPU.ActiveCfg = Debug|Any CPU
		{9711DDAA-E0ED-49C6-81F4-1EBAA09CF350}.Debug|Any CPU.Build.0 = Debug|Any CPU
		{9711DDAA-E0ED-49C6-81F4-1EBAA09CF350}.Release|Any CPU.ActiveCfg = Release|Any CPU
		{9711DDAA-E0ED-49C6-81F4-1EBAA09CF350}.Release|Any CPU.Build.0 = Release|Any CPU
		{759F16C6-736E-413E-BB2C-294DAEE862C0}.Debug|Any CPU.ActiveCfg = Debug|Any CPU
		{759F16C6-736E-413E-BB2C-294DAEE862C0}.Debug|Any CPU.Build.0 = Debug|Any CPU
		{759F16C6-736E-413E-BB2C-294DAEE862C0}.Release|Any CPU.ActiveCfg = Release|Any CPU
		{759F16C6-736E-413E-BB2C-294DAEE862C0}.Release|Any CPU.Build.0 = Release|Any CPU
	EndGlobalSection
	GlobalSection(SolutionProperties) = preSolution
		HideSolutionNode = FALSE
	EndGlobalSection
	GlobalSection(ExtensibilityGlobals) = postSolution
		SolutionGuid = {E3C26F75-48CC-47FD-B1F4-91970881E337}
	EndGlobalSection
EndGlobal
